{
  "version": 4,
  "terraform_version": "1.9.5",
  "serial": 49,
  "lineage": "8120a13e-0cef-8aeb-d8c6-eb1341fd9614",
  "outputs": {},
  "resources": [
    {
      "mode": "managed",
      "type": "aws_ecr_repository",
      "name": "app_repo",
      "provider": "provider[\"registry.terraform.io/hashicorp/aws\"]",
      "instances": [
        {
          "schema_version": 0,
          "attributes": {
            "arn": "arn:aws:ecr:us-east-1:970547342192:repository/webapp-dev",
            "encryption_configuration": [
              {
                "encryption_type": "AES256",
                "kms_key": ""
              }
            ],
            "force_delete": null,
            "id": "webapp-dev",
            "image_scanning_configuration": [
              {
                "scan_on_push": true
              }
            ],
            "image_tag_mutability": "MUTABLE",
            "name": "webapp-dev",
            "registry_id": "970547342192",
            "repository_url": "970547342192.dkr.ecr.us-east-1.amazonaws.com/webapp-dev",
            "tags": {
              "Environment": "dev",
              "ManagedBy": "Terraform",
              "Name": "ecr-webapp-dev",
              "Project": "ECS-Fargate-ALB"
            },
            "tags_all": {
              "Environment": "dev",
              "ManagedBy": "Terraform",
              "Name": "ecr-webapp-dev",
              "Project": "ECS-Fargate-ALB"
            },
            "timeouts": null
          },
          "sensitive_attributes": [],
          "private": "eyJlMmJmYjczMC1lY2FhLTExZTYtOGY4OC0zNDM2M2JjN2M0YzAiOnsiZGVsZXRlIjoxMjAwMDAwMDAwMDAwfX0="
        }
      ]
    }
  ],
  "check_results": null
}
